
Microsoft Visual Studio Solution File, Format Version 12.00
# Visual Studio Version 16
VisualStudioVersion = 16.0.31702.278
MinimumVisualStudioVersion = 10.0.40219.1
Project("{FAE04EC0-301F-11D3-BF4B-00C04F79EFBC}") = "CursoOnlineTest", "test\CursoOnlineTest\CursoOnlineTest.csproj", "{2C0E5681-9BB2-4122-B5E7-F8B850C1A742}"
EndProject
Project("{FAE04EC0-301F-11D3-BF4B-00C04F79EFBC}") = "CursoOnline", "src\CursoOnline\CursoOnline.csproj", "{86079752-409A-40E8-B94D-713E862E3912}"
EndProject
Global
	GlobalSection(SolutionConfigurationPlatforms) = preSolution
		Debug|Any CPU = Debug|Any CPU
		Release|Any CPU = Release|Any CPU
	EndGlobalSection
	GlobalSection(ProjectConfigurationPlatforms) = postSolution
		{2C0E5681-9BB2-4122-B5E7-F8B850C1A742}.Debug|Any CPU.ActiveCfg = Debug|Any CPU
		{2C0E5681-9BB2-4122-B5E7-F8B850C1A742}.Debug|Any CPU.Build.0 = Debug|Any CPU
		{2C0E5681-9BB2-4122-B5E7-F8B850C1A742}.Release|Any CPU.ActiveCfg = Release|Any CPU
		{2C0E5681-9BB2-4122-B5E7-F8B850C1A742}.Release|Any CPU.Build.0 = Release|Any CPU
		{86079752-409A-40E8-B94D-713E862E3912}.Debug|Any CPU.ActiveCfg = Debug|Any CPU
		{86079752-409A-40E8-B94D-713E862E3912}.Debug|Any CPU.Build.0 = Debug|Any CPU
		{86079752-409A-40E8-B94D-713E862E3912}.Release|Any CPU.ActiveCfg = Release|Any CPU
		{86079752-409A-40E8-B94D-713E862E3912}.Release|Any CPU.Build.0 = Release|Any CPU
	EndGlobalSection
	GlobalSection(SolutionProperties) = preSolution
		HideSolutionNode = FALSE
	EndGlobalSection
	GlobalSection(ExtensibilityGlobals) = postSolution
		SolutionGuid = {72876F07-7A35-4608-933D-FF497B6DF722}
	EndGlobalSection
EndGlobal
